
Microsoft Visual Studio Solution File, Format Version 12.00
# Visual Studio Version 16
VisualStudioVersion = 16.0.29001.49
MinimumVisualStudioVersion = 10.0.40219.1
Project("{9A19103F-16F7-4668-BE54-9A1E7A4F7556}") = "WooliesAPI.Web", "src\WooliesAPI.Web\WooliesAPI.Web.csproj", "{867D1EF3-6E54-43BD-AC13-BCF282EF4ED2}"
EndProject
Project("{9A19103F-16F7-4668-BE54-9A1E7A4F7556}") = "WooliesAPI.Domain", "src\WooliesAPI.Domain\WooliesAPI.Domain.csproj", "{37DFC0FF-8345-4066-908B-B285F62CE376}"
EndProject
Project("{9A19103F-16F7-4668-BE54-9A1E7A4F7556}") = "WooliesAPI.Core", "src\WooliesAPI.Core\WooliesAPI.Core.csproj", "{1739D414-532E-4EFD-B66D-F3A59CB143EE}"
EndProject
Project("{FAE04EC0-301F-11D3-BF4B-00C04F79EFBC}") = "WooliesAPI.Persistence", "src\WooliesAPI.Persistence\WooliesAPI.Persistence.csproj", "{91C56EF5-337F-4110-B2EE-0D91EE50EF4F}"
EndProject
Project("{FAE04EC0-301F-11D3-BF4B-00C04F79EFBC}") = "WooliesAPI.Tests.Persistence", "tests\WooliesAPI.Tests.Persistence\WooliesAPI.Tests.Persistence.csproj", "{689911A2-2F00-4A6C-9FFF-FF6F6D9C8A13}"
EndProject
Global
	GlobalSection(SolutionConfigurationPlatforms) = preSolution
		Debug|Any CPU = Debug|Any CPU
		Release|Any CPU = Release|Any CPU
	EndGlobalSection
	GlobalSection(ProjectConfigurationPlatforms) = postSolution
		{867D1EF3-6E54-43BD-AC13-BCF282EF4ED2}.Debug|Any CPU.ActiveCfg = Debug|Any CPU
		{867D1EF3-6E54-43BD-AC13-BCF282EF4ED2}.Debug|Any CPU.Build.0 = Debug|Any CPU
		{867D1EF3-6E54-43BD-AC13-BCF282EF4ED2}.Release|Any CPU.ActiveCfg = Release|Any CPU
		{867D1EF3-6E54-43BD-AC13-BCF282EF4ED2}.Release|Any CPU.Build.0 = Release|Any CPU
		{37DFC0FF-8345-4066-908B-B285F62CE376}.Debug|Any CPU.ActiveCfg = Debug|Any CPU
		{37DFC0FF-8345-4066-908B-B285F62CE376}.Debug|Any CPU.Build.0 = Debug|Any CPU
		{37DFC0FF-8345-4066-908B-B285F62CE376}.Release|Any CPU.ActiveCfg = Release|Any CPU
		{37DFC0FF-8345-4066-908B-B285F62CE376}.Release|Any CPU.Build.0 = Release|Any CPU
		{1739D414-532E-4EFD-B66D-F3A59CB143EE}.Debug|Any CPU.ActiveCfg = Debug|Any CPU
		{1739D414-532E-4EFD-B66D-F3A59CB143EE}.Debug|Any CPU.Build.0 = Debug|Any CPU
		{1739D414-532E-4EFD-B66D-F3A59CB143EE}.Release|Any CPU.ActiveCfg = Release|Any CPU
		{1739D414-532E-4EFD-B66D-F3A59CB143EE}.Release|Any CPU.Build.0 = Release|Any CPU
		{91C56EF5-337F-4110-B2EE-0D91EE50EF4F}.Debug|Any CPU.ActiveCfg = Debug|Any CPU
		{91C56EF5-337F-4110-B2EE-0D91EE50EF4F}.Debug|Any CPU.Build.0 = Debug|Any CPU
		{91C56EF5-337F-4110-B2EE-0D91EE50EF4F}.Release|Any CPU.ActiveCfg = Release|Any CPU
		{91C56EF5-337F-4110-B2EE-0D91EE50EF4F}.Release|Any CPU.Build.0 = Release|Any CPU
		{689911A2-2F00-4A6C-9FFF-FF6F6D9C8A13}.Debug|Any CPU.ActiveCfg = Debug|Any CPU
		{689911A2-2F00-4A6C-9FFF-FF6F6D9C8A13}.Debug|Any CPU.Build.0 = Debug|Any CPU
		{689911A2-2F00-4A6C-9FFF-FF6F6D9C8A13}.Release|Any CPU.ActiveCfg = Release|Any CPU
		{689911A2-2F00-4A6C-9FFF-FF6F6D9C8A13}.Release|Any CPU.Build.0 = Release|Any CPU
	EndGlobalSection
	GlobalSection(SolutionProperties) = preSolution
		HideSolutionNode = FALSE
	EndGlobalSection
	GlobalSection(ExtensibilityGlobals) = postSolution
		SolutionGuid = {0C9355A4-6027-4435-9776-D4C0D5F98978}
	EndGlobalSection
EndGlobal
